
Microsoft Visual Studio Solution File, Format Version 12.00
# Visual Studio Version 16
VisualStudioVersion = 16.0.30621.155
MinimumVisualStudioVersion = 10.0.40219.1
Project("{FAE04EC0-301F-11D3-BF4B-00C04F79EFBC}") = "TrainingPertemuan1", "TrainingPertemuan1\TrainingPertemuan1.csproj", "{61D63968-FACD-4A5E-83BA-FD07FC0DAEC7}"
EndProject
Global
	GlobalSection(SolutionConfigurationPlatforms) = preSolution
		Debug|Any CPU = Debug|Any CPU
		Release|Any CPU = Release|Any CPU
	EndGlobalSection
	GlobalSection(ProjectConfigurationPlatforms) = postSolution
		{61D63968-FACD-4A5E-83BA-FD07FC0DAEC7}.Debug|Any CPU.ActiveCfg = Debug|Any CPU
		{61D63968-FACD-4A5E-83BA-FD07FC0DAEC7}.Debug|Any CPU.Build.0 = Debug|Any CPU
		{61D63968-FACD-4A5E-83BA-FD07FC0DAEC7}.Release|Any CPU.ActiveCfg = Release|Any CPU
		{61D63968-FACD-4A5E-83BA-FD07FC0DAEC7}.Release|Any CPU.Build.0 = Release|Any CPU
	EndGlobalSection
	GlobalSection(SolutionProperties) = preSolution
		HideSolutionNode = FALSE
	EndGlobalSection
	GlobalSection(ExtensibilityGlobals) = postSolution
		SolutionGuid = {4DFF3B63-CFC4-4FDC-A622-7687C19C47E2}
	EndGlobalSection
EndGlobal
